// !$*UTF8*$!
{
	archiveVersion = 1;
	classes = {
	};
	objectVersion = 56;
	objects = {

/* Begin PBXBuildFile section */
		2F02A5902C67D64F000FD7E7 /* phoreApp.swift in Sources */ = {isa = PBXBuildFile; fileRef = 2F02A58F2C67D64F000FD7E7 /* phoreApp.swift */; };
		2F02A5922C67D64F000FD7E7 /* ContentView.swift in Sources */ = {isa = PBXBuildFile; fileRef = 2F02A5912C67D64F000FD7E7 /* ContentView.swift */; };
		2F02A5942C67D652000FD7E7 /* Assets.xcassets in Resources */ = {isa = PBXBuildFile; fileRef = 2F02A5932C67D652000FD7E7 /* Assets.xcassets */; };
		2F02A5972C67D652000FD7E7 /* Preview Assets.xcassets in Resources */ = {isa = PBXBuildFile; fileRef = 2F02A5962C67D652000FD7E7 /* Preview Assets.xcassets */; };
		2F02A5A12C67D652000FD7E7 /* phoreTests.swift in Sources */ = {isa = PBXBuildFile; fileRef = 2F02A5A02C67D652000FD7E7 /* phoreTests.swift */; };
		2F02A5AB2C67D652000FD7E7 /* phoreUITests.swift in Sources */ = {isa = PBXBuildFile; fileRef = 2F02A5AA2C67D652000FD7E7 /* phoreUITests.swift */; };
		2F02A5AD2C67D652000FD7E7 /* phoreUITestsLaunchTests.swift in Sources */ = {isa = PBXBuildFile; fileRef = 2F02A5AC2C67D652000FD7E7 /* phoreUITestsLaunchTests.swift */; };
		2F02A5BB2C67D991000FD7E7 /* LibraryView.swift in Sources */ = {isa = PBXBuildFile; fileRef = 2F02A5BA2C67D991000FD7E7 /* LibraryView.swift */; };
		2F02A5BD2C67DA0E000FD7E7 /* LibraryService.swift in Sources */ = {isa = PBXBuildFile; fileRef = 2F02A5BC2C67DA0E000FD7E7 /* LibraryService.swift */; };
		2F02A5BF2C67DF5D000FD7E7 /* OnboardingView.swift in Sources */ = {isa = PBXBuildFile; fileRef = 2F02A5BE2C67DF5D000FD7E7 /* OnboardingView.swift */; };
		2F02A5C12C67E0D8000FD7E7 /* Utilities.swift in Sources */ = {isa = PBXBuildFile; fileRef = 2F02A5C02C67E0D8000FD7E7 /* Utilities.swift */; };
		2F53B7B22C682E7200A680FA /* ThumbnailView.swift in Sources */ = {isa = PBXBuildFile; fileRef = 2F53B7B12C682E7200A680FA /* ThumbnailView.swift */; };
		2F53B7B42C68301500A680FA /* DetailView.swift in Sources */ = {isa = PBXBuildFile; fileRef = 2F53B7B32C68301500A680FA /* DetailView.swift */; };
		2F53B7B62C68388400A680FA /* ErrorView.swift in Sources */ = {isa = PBXBuildFile; fileRef = 2F53B7B52C68388400A680FA /* ErrorView.swift */; };
/* End PBXBuildFile section */

/* Begin PBXContainerItemProxy section */
		2F02A59D2C67D652000FD7E7 /* PBXContainerItemProxy */ = {
			isa = PBXContainerItemProxy;
			containerPortal = 2F02A5842C67D64F000FD7E7 /* Project object */;
			proxyType = 1;
			remoteGlobalIDString = 2F02A58B2C67D64F000FD7E7;
			remoteInfo = phore;
		};
		2F02A5A72C67D652000FD7E7 /* PBXContainerItemProxy */ = {
			isa = PBXContainerItemProxy;
			containerPortal = 2F02A5842C67D64F000FD7E7 /* Project object */;
			proxyType = 1;
			remoteGlobalIDString = 2F02A58B2C67D64F000FD7E7;
			remoteInfo = phore;
		};
/* End PBXContainerItemProxy section */

/* Begin PBXFileReference section */
		2F02A58C2C67D64F000FD7E7 /* phore.app */ = {isa = PBXFileReference; explicitFileType = wrapper.application; includeInIndex = 0; path = phore.app; sourceTree = BUILT_PRODUCTS_DIR; };
		2F02A58F2C67D64F000FD7E7 /* phoreApp.swift */ = {isa = PBXFileReference; lastKnownFileType = sourcecode.swift; path = phoreApp.swift; sourceTree = "<group>"; };
		2F02A5912C67D64F000FD7E7 /* ContentView.swift */ = {isa = PBXFileReference; lastKnownFileType = sourcecode.swift; path = ContentView.swift; sourceTree = "<group>"; };
		2F02A5932C67D652000FD7E7 /* Assets.xcassets */ = {isa = PBXFileReference; lastKnownFileType = folder.assetcatalog; path = Assets.xcassets; sourceTree = "<group>"; };
		2F02A5962C67D652000FD7E7 /* Preview Assets.xcassets */ = {isa = PBXFileReference; lastKnownFileType = folder.assetcatalog; path = "Preview Assets.xcassets"; sourceTree = "<group>"; };
		2F02A59C2C67D652000FD7E7 /* phoreTests.xctest */ = {isa = PBXFileReference; explicitFileType = wrapper.cfbundle; includeInIndex = 0; path = phoreTests.xctest; sourceTree = BUILT_PRODUCTS_DIR; };
		2F02A5A02C67D652000FD7E7 /* phoreTests.swift */ = {isa = PBXFileReference; lastKnownFileType = sourcecode.swift; path = phoreTests.swift; sourceTree = "<group>"; };
		2F02A5A62C67D652000FD7E7 /* phoreUITests.xctest */ = {isa = PBXFileReference; explicitFileType = wrapper.cfbundle; includeInIndex = 0; path = phoreUITests.xctest; sourceTree = BUILT_PRODUCTS_DIR; };
		2F02A5AA2C67D652000FD7E7 /* phoreUITests.swift */ = {isa = PBXFileReference; lastKnownFileType = sourcecode.swift; path = phoreUITests.swift; sourceTree = "<group>"; };
		2F02A5AC2C67D652000FD7E7 /* phoreUITestsLaunchTests.swift */ = {isa = PBXFileReference; lastKnownFileType = sourcecode.swift; path = phoreUITestsLaunchTests.swift; sourceTree = "<group>"; };
		2F02A5BA2C67D991000FD7E7 /* LibraryView.swift */ = {isa = PBXFileReference; lastKnownFileType = sourcecode.swift; path = LibraryView.swift; sourceTree = "<group>"; };
		2F02A5BC2C67DA0E000FD7E7 /* LibraryService.swift */ = {isa = PBXFileReference; lastKnownFileType = sourcecode.swift; path = LibraryService.swift; sourceTree = "<group>"; };
		2F02A5BE2C67DF5D000FD7E7 /* OnboardingView.swift */ = {isa = PBXFileReference; lastKnownFileType = sourcecode.swift; path = OnboardingView.swift; sourceTree = "<group>"; };
		2F02A5C02C67E0D8000FD7E7 /* Utilities.swift */ = {isa = PBXFileReference; lastKnownFileType = sourcecode.swift; path = Utilities.swift; sourceTree = "<group>"; };
		2F53B7B12C682E7200A680FA /* ThumbnailView.swift */ = {isa = PBXFileReference; lastKnownFileType = sourcecode.swift; path = ThumbnailView.swift; sourceTree = "<group>"; };
		2F53B7B32C68301500A680FA /* DetailView.swift */ = {isa = PBXFileReference; lastKnownFileType = sourcecode.swift; path = DetailView.swift; sourceTree = "<group>"; };
		2F53B7B52C68388400A680FA /* ErrorView.swift */ = {isa = PBXFileReference; lastKnownFileType = sourcecode.swift; path = ErrorView.swift; sourceTree = "<group>"; };
/* End PBXFileReference section */

/* Begin PBXFrameworksBuildPhase section */
		2F02A5892C67D64F000FD7E7 /* Frameworks */ = {
			isa = PBXFrameworksBuildPhase;
			buildActionMask = 2147483647;
			files = (
			);
			runOnlyForDeploymentPostprocessing = 0;
		};
		2F02A5992C67D652000FD7E7 /* Frameworks */ = {
			isa = PBXFrameworksBuildPhase;
			buildActionMask = 2147483647;
			files = (
			);
			runOnlyForDeploymentPostprocessing = 0;
		};
		2F02A5A32C67D652000FD7E7 /* Frameworks */ = {
			isa = PBXFrameworksBuildPhase;
			buildActionMask = 2147483647;
			files = (
			);
			runOnlyForDeploymentPostprocessing = 0;
		};
/* End PBXFrameworksBuildPhase section */

/* Begin PBXGroup section */
		2F02A5832C67D64F000FD7E7 = {
			isa = PBXGroup;
			children = (
				2F02A58E2C67D64F000FD7E7 /* phore */,
				2F02A59F2C67D652000FD7E7 /* phoreTests */,
				2F02A5A92C67D652000FD7E7 /* phoreUITests */,
				2F02A58D2C67D64F000FD7E7 /* Products */,
			);
			sourceTree = "<group>";
		};
		2F02A58D2C67D64F000FD7E7 /* Products */ = {
			isa = PBXGroup;
			children = (
				2F02A58C2C67D64F000FD7E7 /* phore.app */,
				2F02A59C2C67D652000FD7E7 /* phoreTests.xctest */,
				2F02A5A62C67D652000FD7E7 /* phoreUITests.xctest */,
			);
			name = Products;
			sourceTree = "<group>";
		};
		2F02A58E2C67D64F000FD7E7 /* phore */ = {
			isa = PBXGroup;
			children = (
				2F02A5B92C67D97C000FD7E7 /* Views */,
				2F02A58F2C67D64F000FD7E7 /* phoreApp.swift */,
				2F02A5912C67D64F000FD7E7 /* ContentView.swift */,
				2F02A5932C67D652000FD7E7 /* Assets.xcassets */,
				2F02A5952C67D652000FD7E7 /* Preview Content */,
				2F02A5BC2C67DA0E000FD7E7 /* LibraryService.swift */,
				2F02A5C02C67E0D8000FD7E7 /* Utilities.swift */,
			);
			path = phore;
			sourceTree = "<group>";
		};
		2F02A5952C67D652000FD7E7 /* Preview Content */ = {
			isa = PBXGroup;
			children = (
				2F02A5962C67D652000FD7E7 /* Preview Assets.xcassets */,
			);
			path = "Preview Content";
			sourceTree = "<group>";
		};
		2F02A59F2C67D652000FD7E7 /* phoreTests */ = {
			isa = PBXGroup;
			children = (
				2F02A5A02C67D652000FD7E7 /* phoreTests.swift */,
			);
			path = phoreTests;
			sourceTree = "<group>";
		};
		2F02A5A92C67D652000FD7E7 /* phoreUITests */ = {
			isa = PBXGroup;
			children = (
				2F02A5AA2C67D652000FD7E7 /* phoreUITests.swift */,
				2F02A5AC2C67D652000FD7E7 /* phoreUITestsLaunchTests.swift */,
			);
			path = phoreUITests;
			sourceTree = "<group>";
		};
		2F02A5B92C67D97C000FD7E7 /* Views */ = {
			isa = PBXGroup;
			children = (
				2F02A5BA2C67D991000FD7E7 /* LibraryView.swift */,
				2F02A5BE2C67DF5D000FD7E7 /* OnboardingView.swift */,
				2F53B7B12C682E7200A680FA /* ThumbnailView.swift */,
				2F53B7B32C68301500A680FA /* DetailView.swift */,
				2F53B7B52C68388400A680FA /* ErrorView.swift */,
			);
			path = Views;
			sourceTree = "<group>";
		};
/* End PBXGroup section */

/* Begin PBXNativeTarget section */
		2F02A58B2C67D64F000FD7E7 /* phore */ = {
			isa = PBXNativeTarget;
			buildConfigurationList = 2F02A5B02C67D652000FD7E7 /* Build configuration list for PBXNativeTarget "phore" */;
			buildPhases = (
				2F02A5882C67D64F000FD7E7 /* Sources */,
				2F02A5892C67D64F000FD7E7 /* Frameworks */,
				2F02A58A2C67D64F000FD7E7 /* Resources */,
			);
			buildRules = (
			);
			dependencies = (
			);
			name = phore;
			productName = phore;
			productReference = 2F02A58C2C67D64F000FD7E7 /* phore.app */;
			productType = "com.apple.product-type.application";
		};
		2F02A59B2C67D652000FD7E7 /* phoreTests */ = {
			isa = PBXNativeTarget;
			buildConfigurationList = 2F02A5B32C67D652000FD7E7 /* Build configuration list for PBXNativeTarget "phoreTests" */;
			buildPhases = (
				2F02A5982C67D652000FD7E7 /* Sources */,
				2F02A5992C67D652000FD7E7 /* Frameworks */,
				2F02A59A2C67D652000FD7E7 /* Resources */,
			);
			buildRules = (
			);
			dependencies = (
				2F02A59E2C67D652000FD7E7 /* PBXTargetDependency */,
			);
			name = phoreTests;
			productName = phoreTests;
			productReference = 2F02A59C2C67D652000FD7E7 /* phoreTests.xctest */;
			productType = "com.apple.product-type.bundle.unit-test";
		};
		2F02A5A52C67D652000FD7E7 /* phoreUITests */ = {
			isa = PBXNativeTarget;
			buildConfigurationList = 2F02A5B62C67D652000FD7E7 /* Build configuration list for PBXNativeTarget "phoreUITests" */;
			buildPhases = (
				2F02A5A22C67D652000FD7E7 /* Sources */,
				2F02A5A32C67D652000FD7E7 /* Frameworks */,
				2F02A5A42C67D652000FD7E7 /* Resources */,
			);
			buildRules = (
			);
			dependencies = (
				2F02A5A82C67D652000FD7E7 /* PBXTargetDependency */,
			);
			name = phoreUITests;
			productName = phoreUITests;
			productReference = 2F02A5A62C67D652000FD7E7 /* phoreUITests.xctest */;
			productType = "com.apple.product-type.bundle.ui-testing";
		};
/* End PBXNativeTarget section */

/* Begin PBXProject section */
		2F02A5842C67D64F000FD7E7 /* Project object */ = {
			isa = PBXProject;
			attributes = {
				BuildIndependentTargetsInParallel = 1;
				LastSwiftUpdateCheck = 1540;
				LastUpgradeCheck = 1540;
				TargetAttributes = {
					2F02A58B2C67D64F000FD7E7 = {
						CreatedOnToolsVersion = 15.4;
					};
					2F02A59B2C67D652000FD7E7 = {
						CreatedOnToolsVersion = 15.4;
						TestTargetID = 2F02A58B2C67D64F000FD7E7;
					};
					2F02A5A52C67D652000FD7E7 = {
						CreatedOnToolsVersion = 15.4;
						TestTargetID = 2F02A58B2C67D64F000FD7E7;
					};
				};
			};
			buildConfigurationList = 2F02A5872C67D64F000FD7E7 /* Build configuration list for PBXProject "phore" */;
			compatibilityVersion = "Xcode 14.0";
			developmentRegion = en;
			hasScannedForEncodings = 0;
			knownRegions = (
				en,
				Base,
			);
			mainGroup = 2F02A5832C67D64F000FD7E7;
			productRefGroup = 2F02A58D2C67D64F000FD7E7 /* Products */;
			projectDirPath = "";
			projectRoot = "";
			targets = (
				2F02A58B2C67D64F000FD7E7 /* phore */,
				2F02A59B2C67D652000FD7E7 /* phoreTests */,
				2F02A5A52C67D652000FD7E7 /* phoreUITests */,
			);
		};
/* End PBXProject section */

/* Begin PBXResourcesBuildPhase section */
		2F02A58A2C67D64F000FD7E7 /* Resources */ = {
			isa = PBXResourcesBuildPhase;
			buildActionMask = 2147483647;
			files = (
				2F02A5972C67D652000FD7E7 /* Preview Assets.xcassets in Resources */,
				2F02A5942C67D652000FD7E7 /* Assets.xcassets in Resources */,
			);
			runOnlyForDeploymentPostprocessing = 0;
		};
		2F02A59A2C67D652000FD7E7 /* Resources */ = {
			isa = PBXResourcesBuildPhase;
			buildActionMask = 2147483647;
			files = (
			);
			runOnlyForDeploymentPostprocessing = 0;
		};
		2F02A5A42C67D652000FD7E7 /* Resources */ = {
			isa = PBXResourcesBuildPhase;
			buildActionMask = 2147483647;
			files = (
			);
			runOnlyForDeploymentPostprocessing = 0;
		};
/* End PBXResourcesBuildPhase section */

/* Begin PBXSourcesBuildPhase section */
		2F02A5882C67D64F000FD7E7 /* Sources */ = {
			isa = PBXSourcesBuildPhase;
			buildActionMask = 2147483647;
			files = (
				2F02A5C12C67E0D8000FD7E7 /* Utilities.swift in Sources */,
				2F53B7B42C68301500A680FA /* DetailView.swift in Sources */,
				2F02A5922C67D64F000FD7E7 /* ContentView.swift in Sources */,
				2F02A5BD2C67DA0E000FD7E7 /* LibraryService.swift in Sources */,
				2F02A5BB2C67D991000FD7E7 /* LibraryView.swift in Sources */,
				2F02A5BF2C67DF5D000FD7E7 /* OnboardingView.swift in Sources */,
				2F53B7B22C682E7200A680FA /* ThumbnailView.swift in Sources */,
				2F53B7B62C68388400A680FA /* ErrorView.swift in Sources */,
				2F02A5902C67D64F000FD7E7 /* phoreApp.swift in Sources */,
			);
			runOnlyForDeploymentPostprocessing = 0;
		};
		2F02A5982C67D652000FD7E7 /* Sources */ = {
			isa = PBXSourcesBuildPhase;
			buildActionMask = 2147483647;
			files = (
				2F02A5A12C67D652000FD7E7 /* phoreTests.swift in Sources */,
			);
			runOnlyForDeploymentPostprocessing = 0;
		};
		2F02A5A22C67D652000FD7E7 /* Sources */ = {
			isa = PBXSourcesBuildPhase;
			buildActionMask = 2147483647;
			files = (
				2F02A5AB2C67D652000FD7E7 /* phoreUITests.swift in Sources */,
				2F02A5AD2C67D652000FD7E7 /* phoreUITestsLaunchTests.swift in Sources */,
			);
			runOnlyForDeploymentPostprocessing = 0;
		};
/* End PBXSourcesBuildPhase section */

/* Begin PBXTargetDependency section */
		2F02A59E2C67D652000FD7E7 /* PBXTargetDependency */ = {
			isa = PBXTargetDependency;
			target = 2F02A58B2C67D64F000FD7E7 /* phore */;
			targetProxy = 2F02A59D2C67D652000FD7E7 /* PBXContainerItemProxy */;
		};
		2F02A5A82C67D652000FD7E7 /* PBXTargetDependency */ = {
			isa = PBXTargetDependency;
			target = 2F02A58B2C67D64F000FD7E7 /* phore */;
			targetProxy = 2F02A5A72C67D652000FD7E7 /* PBXContainerItemProxy */;
		};
/* End PBXTargetDependency section */

/* Begin XCBuildConfiguration section */
		2F02A5AE2C67D652000FD7E7 /* Debug */ = {
			isa = XCBuildConfiguration;
			buildSettings = {
				ALWAYS_SEARCH_USER_PATHS = NO;
				ASSETCATALOG_COMPILER_GENERATE_SWIFT_ASSET_SYMBOL_EXTENSIONS = YES;
				CLANG_ANALYZER_NONNULL = YES;
				CLANG_ANALYZER_NUMBER_OBJECT_CONVERSION = YES_AGGRESSIVE;
				CLANG_CXX_LANGUAGE_STANDARD = "gnu++20";
				CLANG_ENABLE_MODULES = YES;
				CLANG_ENABLE_OBJC_ARC = YES;
				CLANG_ENABLE_OBJC_WEAK = YES;
				CLANG_WARN_BLOCK_CAPTURE_AUTORELEASING = YES;
				CLANG_WARN_BOOL_CONVERSION = YES;
				CLANG_WARN_COMMA = YES;
				CLANG_WARN_CONSTANT_CONVERSION = YES;
				CLANG_WARN_DEPRECATED_OBJC_IMPLEMENTATIONS = YES;
				CLANG_WARN_DIRECT_OBJC_ISA_USAGE = YES_ERROR;
				CLANG_WARN_DOCUMENTATION_COMMENTS = YES;
				CLANG_WARN_EMPTY_BODY = YES;
				CLANG_WARN_ENUM_CONVERSION = YES;
				CLANG_WARN_INFINITE_RECURSION = YES;
				CLANG_WARN_INT_CONVERSION = YES;
				CLANG_WARN_NON_LITERAL_NULL_CONVERSION = YES;
				CLANG_WARN_OBJC_IMPLICIT_RETAIN_SELF = YES;
				CLANG_WARN_OBJC_LITERAL_CONVERSION = YES;
				CLANG_WARN_OBJC_ROOT_CLASS = YES_ERROR;
				CLANG_WARN_QUOTED_INCLUDE_IN_FRAMEWORK_HEADER = YES;
				CLANG_WARN_RANGE_LOOP_ANALYSIS = YES;
				CLANG_WARN_STRICT_PROTOTYPES = YES;
				CLANG_WARN_SUSPICIOUS_MOVE = YES;
				CLANG_WARN_UNGUARDED_AVAILABILITY = YES_AGGRESSIVE;
				CLANG_WARN_UNREACHABLE_CODE = YES;
				CLANG_WARN__DUPLICATE_METHOD_MATCH = YES;
				COPY_PHASE_STRIP = NO;
				DEBUG_INFORMATION_FORMAT = dwarf;
				ENABLE_STRICT_OBJC_MSGSEND = YES;
				ENABLE_TESTABILITY = YES;
				ENABLE_USER_SCRIPT_SANDBOXING = YES;
				GCC_C_LANGUAGE_STANDARD = gnu17;
				GCC_DYNAMIC_NO_PIC = NO;
				GCC_NO_COMMON_BLOCKS = YES;
				GCC_OPTIMIZATION_LEVEL = 0;
				GCC_PREPROCESSOR_DEFINITIONS = (
					"DEBUG=1",
					"$(inherited)",
				);
				GCC_WARN_64_TO_32_BIT_CONVERSION = YES;
				GCC_WARN_ABOUT_RETURN_TYPE = YES_ERROR;
				GCC_WARN_UNDECLARED_SELECTOR = YES;
				GCC_WARN_UNINITIALIZED_AUTOS = YES_AGGRESSIVE;
				GCC_WARN_UNUSED_FUNCTION = YES;
				GCC_WARN_UNUSED_VARIABLE = YES;
				IPHONEOS_DEPLOYMENT_TARGET = 17.5;
				LOCALIZATION_PREFERS_STRING_CATALOGS = YES;
				MTL_ENABLE_DEBUG_INFO = INCLUDE_SOURCE;
				MTL_FAST_MATH = YES;
				ONLY_ACTIVE_ARCH = YES;
				SDKROOT = iphoneos;
				SWIFT_ACTIVE_COMPILATION_CONDITIONS = "DEBUG $(inherited)";
				SWIFT_OPTIMIZATION_LEVEL = "-Onone";
			};
			name = Debug;
		};
		2F02A5AF2C67D652000FD7E7 /* Release */ = {
			isa = XCBuildConfiguration;
			buildSettings = {
				ALWAYS_SEARCH_USER_PATHS = NO;
				ASSETCATALOG_COMPILER_GENERATE_SWIFT_ASSET_SYMBOL_EXTENSIONS = YES;
				CLANG_ANALYZER_NONNULL = YES;
				CLANG_ANALYZER_NUMBER_OBJECT_CONVERSION = YES_AGGRESSIVE;
				CLANG_CXX_LANGUAGE_STANDARD = "gnu++20";
				CLANG_ENABLE_MODULES = YES;
				CLANG_ENABLE_OBJC_ARC = YES;
				CLANG_ENABLE_OBJC_WEAK = YES;
				CLANG_WARN_BLOCK_CAPTURE_AUTORELEASING = YES;
				CLANG_WARN_BOOL_CONVERSION = YES;
				CLANG_WARN_COMMA = YES;
				CLANG_WARN_CONSTANT_CONVERSION = YES;
				CLANG_WARN_DEPRECATED_OBJC_IMPLEMENTATIONS = YES;
				CLANG_WARN_DIRECT_OBJC_ISA_USAGE = YES_ERROR;
				CLANG_WARN_DOCUMENTATION_COMMENTS = YES;
				CLANG_WARN_EMPTY_BODY = YES;
				CLANG_WARN_ENUM_CONVERSION = YES;
				CLANG_WARN_INFINITE_RECURSION = YES;
				CLANG_WARN_INT_CONVERSION = YES;
				CLANG_WARN_NON_LITERAL_NULL_CONVERSION = YES;
				CLANG_WARN_OBJC_IMPLICIT_RETAIN_SELF = YES;
				CLANG_WARN_OBJC_LITERAL_CONVERSION = YES;
				CLANG_WARN_OBJC_ROOT_CLASS = YES_ERROR;
				CLANG_WARN_QUOTED_INCLUDE_IN_FRAMEWORK_HEADER = YES;
				CLANG_WARN_RANGE_LOOP_ANALYSIS = YES;
				CLANG_WARN_STRICT_PROTOTYPES = YES;
				CLANG_WARN_SUSPICIOUS_MOVE = YES;
				CLANG_WARN_UNGUARDED_AVAILABILITY = YES_AGGRESSIVE;
				CLANG_WARN_UNREACHABLE_CODE = YES;
				CLANG_WARN__DUPLICATE_METHOD_MATCH = YES;
				COPY_PHASE_STRIP = NO;
				DEBUG_INFORMATION_FORMAT = "dwarf-with-dsym";
				ENABLE_NS_ASSERTIONS = NO;
				ENABLE_STRICT_OBJC_MSGSEND = YES;
				ENABLE_USER_SCRIPT_SANDBOXING = YES;
				GCC_C_LANGUAGE_STANDARD = gnu17;
				GCC_NO_COMMON_BLOCKS = YES;
				GCC_WARN_64_TO_32_BIT_CONVERSION = YES;
				GCC_WARN_ABOUT_RETURN_TYPE = YES_ERROR;
				GCC_WARN_UNDECLARED_SELECTOR = YES;
				GCC_WARN_UNINITIALIZED_AUTOS = YES_AGGRESSIVE;
				GCC_WARN_UNUSED_FUNCTION = YES;
				GCC_WARN_UNUSED_VARIABLE = YES;
				IPHONEOS_DEPLOYMENT_TARGET = 17.5;
				LOCALIZATION_PREFERS_STRING_CATALOGS = YES;
				MTL_ENABLE_DEBUG_INFO = NO;
				MTL_FAST_MATH = YES;
				SDKROOT = iphoneos;
				SWIFT_COMPILATION_MODE = wholemodule;
				VALIDATE_PRODUCT = YES;
			};
			name = Release;
		};
		2F02A5B12C67D652000FD7E7 /* Debug */ = {
			isa = XCBuildConfiguration;
			buildSettings = {
				ASSETCATALOG_COMPILER_APPICON_NAME = AppIcon;
				ASSETCATALOG_COMPILER_GLOBAL_ACCENT_COLOR_NAME = AccentColor;
				CODE_SIGN_STYLE = Automatic;
				CURRENT_PROJECT_VERSION = 1;
				DEVELOPMENT_ASSET_PATHS = "\"phore/Preview Content\"";
				DEVELOPMENT_TEAM = 69MX9ABFW5;
				ENABLE_PREVIEWS = YES;
				GENERATE_INFOPLIST_FILE = YES;
				INFOPLIST_KEY_NSPhotoLibraryUsageDescription = "Your photos are used on device for categorization and never uploaded anywhere.";
				INFOPLIST_KEY_UIApplicationSceneManifest_Generation = YES;
				INFOPLIST_KEY_UIApplicationSupportsIndirectInputEvents = YES;
				INFOPLIST_KEY_UILaunchScreen_Generation = YES;
				INFOPLIST_KEY_UISupportedInterfaceOrientations_iPad = "UIInterfaceOrientationPortrait UIInterfaceOrientationPortraitUpsideDown UIInterfaceOrientationLandscapeLeft UIInterfaceOrientationLandscapeRight";
				INFOPLIST_KEY_UISupportedInterfaceOrientations_iPhone = "UIInterfaceOrientationPortrait UIInterfaceOrientationLandscapeLeft UIInterfaceOrientationLandscapeRight";
				LD_RUNPATH_SEARCH_PATHS = (
					"$(inherited)",
					"@executable_path/Frameworks",
				);
				MARKETING_VERSION = 1.0;
				PRODUCT_BUNDLE_IDENTIFIER = app.zane.phore;
				PRODUCT_NAME = "$(TARGET_NAME)";
				SWIFT_EMIT_LOC_STRINGS = YES;
				SWIFT_VERSION = 5.0;
				TARGETED_DEVICE_FAMILY = "1,2";
			};
			name = Debug;
		};
		2F02A5B22C67D652000FD7E7 /* Release */ = {
			isa = XCBuildConfiguration;
			buildSettings = {
				ASSETCATALOG_COMPILER_APPICON_NAME = AppIcon;
				ASSETCATALOG_COMPILER_GLOBAL_ACCENT_COLOR_NAME = AccentColor;
				CODE_SIGN_STYLE = Automatic;
				CURRENT_PROJECT_VERSION = 1;
				DEVELOPMENT_ASSET_PATHS = "\"phore/Preview Content\"";
				DEVELOPMENT_TEAM = 69MX9ABFW5;
				ENABLE_PREVIEWS = YES;
				GENERATE_INFOPLIST_FILE = YES;
				INFOPLIST_KEY_NSPhotoLibraryUsageDescription = "Your photos are used on device for categorization and never uploaded anywhere.";
				INFOPLIST_KEY_UIApplicationSceneManifest_Generation = YES;
				INFOPLIST_KEY_UIApplicationSupportsIndirectInputEvents = YES;
				INFOPLIST_KEY_UILaunchScreen_Generation = YES;
				INFOPLIST_KEY_UISupportedInterfaceOrientations_iPad = "UIInterfaceOrientationPortrait UIInterfaceOrientationPortraitUpsideDown UIInterfaceOrientationLandscapeLeft UIInterfaceOrientationLandscapeRight";
				INFOPLIST_KEY_UISupportedInterfaceOrientations_iPhone = "UIInterfaceOrientationPortrait UIInterfaceOrientationLandscapeLeft UIInterfaceOrientationLandscapeRight";
				LD_RUNPATH_SEARCH_PATHS = (
					"$(inherited)",
					"@executable_path/Frameworks",
				);
				MARKETING_VERSION = 1.0;
				PRODUCT_BUNDLE_IDENTIFIER = app.zane.phore;
				PRODUCT_NAME = "$(TARGET_NAME)";
				SWIFT_EMIT_LOC_STRINGS = YES;
				SWIFT_VERSION = 5.0;
				TARGETED_DEVICE_FAMILY = "1,2";
			};
			name = Release;
		};
		2F02A5B42C67D652000FD7E7 /* Debug */ = {
			isa = XCBuildConfiguration;
			buildSettings = {
				ALWAYS_EMBED_SWIFT_STANDARD_LIBRARIES = YES;
				BUNDLE_LOADER = "$(TEST_HOST)";
				CODE_SIGN_STYLE = Automatic;
				CURRENT_PROJECT_VERSION = 1;
				DEVELOPMENT_TEAM = 69MX9ABFW5;
				GENERATE_INFOPLIST_FILE = YES;
				IPHONEOS_DEPLOYMENT_TARGET = 17.5;
				MARKETING_VERSION = 1.0;
				PRODUCT_BUNDLE_IDENTIFIER = app.zane.phoreTests;
				PRODUCT_NAME = "$(TARGET_NAME)";
				SWIFT_EMIT_LOC_STRINGS = NO;
				SWIFT_VERSION = 5.0;
				TARGETED_DEVICE_FAMILY = "1,2";
				TEST_HOST = "$(BUILT_PRODUCTS_DIR)/phore.app/$(BUNDLE_EXECUTABLE_FOLDER_PATH)/phore";
			};
			name = Debug;
		};
		2F02A5B52C67D652000FD7E7 /* Release */ = {
			isa = XCBuildConfiguration;
			buildSettings = {
				ALWAYS_EMBED_SWIFT_STANDARD_LIBRARIES = YES;
				BUNDLE_LOADER = "$(TEST_HOST)";
				CODE_SIGN_STYLE = Automatic;
				CURRENT_PROJECT_VERSION = 1;
				DEVELOPMENT_TEAM = 69MX9ABFW5;
				GENERATE_INFOPLIST_FILE = YES;
				IPHONEOS_DEPLOYMENT_TARGET = 17.5;
				MARKETING_VERSION = 1.0;
				PRODUCT_BUNDLE_IDENTIFIER = app.zane.phoreTests;
				PRODUCT_NAME = "$(TARGET_NAME)";
				SWIFT_EMIT_LOC_STRINGS = NO;
				SWIFT_VERSION = 5.0;
				TARGETED_DEVICE_FAMILY = "1,2";
				TEST_HOST = "$(BUILT_PRODUCTS_DIR)/phore.app/$(BUNDLE_EXECUTABLE_FOLDER_PATH)/phore";
			};
			name = Release;
		};
		2F02A5B72C67D652000FD7E7 /* Debug */ = {
			isa = XCBuildConfiguration;
			buildSettings = {
				ALWAYS_EMBED_SWIFT_STANDARD_LIBRARIES = YES;
				CODE_SIGN_STYLE = Automatic;
				CURRENT_PROJECT_VERSION = 1;
				DEVELOPMENT_TEAM = 69MX9ABFW5;
				GENERATE_INFOPLIST_FILE = YES;
				MARKETING_VERSION = 1.0;
				PRODUCT_BUNDLE_IDENTIFIER = app.zane.phoreUITests;
				PRODUCT_NAME = "$(TARGET_NAME)";
				SWIFT_EMIT_LOC_STRINGS = NO;
				SWIFT_VERSION = 5.0;
				TARGETED_DEVICE_FAMILY = "1,2";
				TEST_TARGET_NAME = phore;
			};
			name = Debug;
		};
		2F02A5B82C67D652000FD7E7 /* Release */ = {
			isa = XCBuildConfiguration;
			buildSettings = {
				ALWAYS_EMBED_SWIFT_STANDARD_LIBRARIES = YES;
				CODE_SIGN_STYLE = Automatic;
				CURRENT_PROJECT_VERSION = 1;
				DEVELOPMENT_TEAM = 69MX9ABFW5;
				GENERATE_INFOPLIST_FILE = YES;
				MARKETING_VERSION = 1.0;
				PRODUCT_BUNDLE_IDENTIFIER = app.zane.phoreUITests;
				PRODUCT_NAME = "$(TARGET_NAME)";
				SWIFT_EMIT_LOC_STRINGS = NO;
				SWIFT_VERSION = 5.0;
				TARGETED_DEVICE_FAMILY = "1,2";
				TEST_TARGET_NAME = phore;
			};
			name = Release;
		};
/* End XCBuildConfiguration section */

/* Begin XCConfigurationList section */
		2F02A5872C67D64F000FD7E7 /* Build configuration list for PBXProject "phore" */ = {
			isa = XCConfigurationList;
			buildConfigurations = (
				2F02A5AE2C67D652000FD7E7 /* Debug */,
				2F02A5AF2C67D652000FD7E7 /* Release */,
			);
			defaultConfigurationIsVisible = 0;
			defaultConfigurationName = Release;
		};
		2F02A5B02C67D652000FD7E7 /* Build configuration list for PBXNativeTarget "phore" */ = {
			isa = XCConfigurationList;
			buildConfigurations = (
				2F02A5B12C67D652000FD7E7 /* Debug */,
				2F02A5B22C67D652000FD7E7 /* Release */,
			);
			defaultConfigurationIsVisible = 0;
			defaultConfigurationName = Release;
		};
		2F02A5B32C67D652000FD7E7 /* Build configuration list for PBXNativeTarget "phoreTests" */ = {
			isa = XCConfigurationList;
			buildConfigurations = (
				2F02A5B42C67D652000FD7E7 /* Debug */,
				2F02A5B52C67D652000FD7E7 /* Release */,
			);
			defaultConfigurationIsVisible = 0;
			defaultConfigurationName = Release;
		};
		2F02A5B62C67D652000FD7E7 /* Build configuration list for PBXNativeTarget "phoreUITests" */ = {
			isa = XCConfigurationList;
			buildConfigurations = (
				2F02A5B72C67D652000FD7E7 /* Debug */,
				2F02A5B82C67D652000FD7E7 /* Release */,
			);
			defaultConfigurationIsVisible = 0;
			defaultConfigurationName = Release;
		};
/* End XCConfigurationList section */
	};
	rootObject = 2F02A5842C67D64F000FD7E7 /* Project object */;
}
